
Microsoft Visual Studio Solution File, Format Version 12.00
Project("{FAE04EC0-301F-11D3-BF4B-00C04F79EFBC}") = "APBD-2025-kolokwium1D", "APBD-2025-kolokwium1D\APBD-2025-kolokwium1D.csproj", "{19FBA9F2-B2BB-4EFA-B7DD-131AC4968541}"
EndProject
Global
	GlobalSection(SolutionConfigurationPlatforms) = preSolution
		Debug|Any CPU = Debug|Any CPU
		Release|Any CPU = Release|Any CPU
	EndGlobalSection
	GlobalSection(ProjectConfigurationPlatforms) = postSolution
		{19FBA9F2-B2BB-4EFA-B7DD-131AC4968541}.Debug|Any CPU.ActiveCfg = Debug|Any CPU
		{19FBA9F2-B2BB-4EFA-B7DD-131AC4968541}.Debug|Any CPU.Build.0 = Debug|Any CPU
		{19FBA9F2-B2BB-4EFA-B7DD-131AC4968541}.Release|Any CPU.ActiveCfg = Release|Any CPU
		{19FBA9F2-B2BB-4EFA-B7DD-131AC4968541}.Release|Any CPU.Build.0 = Release|Any CPU
	EndGlobalSection
EndGlobal
